
Microsoft Visual Studio Solution File, Format Version 12.00
# Visual Studio Version 16
VisualStudioVersion = 16.0.29215.179
MinimumVisualStudioVersion = 10.0.40219.1
Project("{FAE04EC0-301F-11D3-BF4B-00C04F79EFBC}") = "Axsis.Entity", "Axsis.Entity\Axsis.Entity.csproj", "{62AD4916-F597-4136-A04A-E27AA4780160}"
EndProject
Project("{FAE04EC0-301F-11D3-BF4B-00C04F79EFBC}") = "Axsis.AccesoDatos", "Axsis.AccesoDatos\Axsis.AccesoDatos.csproj", "{8A925E0D-5E9F-4C7E-88B5-9F23C1C1BC52}"
EndProject
Project("{FAE04EC0-301F-11D3-BF4B-00C04F79EFBC}") = "Axsis.Logica", "Axsis.Logica\Axsis.Logica.csproj", "{A29DD413-23D8-45A8-BA0A-19E833276449}"
EndProject
Project("{FAE04EC0-301F-11D3-BF4B-00C04F79EFBC}") = "Axsis.Servicios", "Axsis.Servicios\Axsis.Servicios.csproj", "{D024E599-CB31-4635-9100-894F9663E570}"
EndProject
Global
	GlobalSection(SolutionConfigurationPlatforms) = preSolution
		Debug|Any CPU = Debug|Any CPU
		Debug|ARM = Debug|ARM
		Debug|ARM64 = Debug|ARM64
		Debug|x64 = Debug|x64
		Debug|x86 = Debug|x86
		Release|Any CPU = Release|Any CPU
		Release|ARM = Release|ARM
		Release|ARM64 = Release|ARM64
		Release|x64 = Release|x64
		Release|x86 = Release|x86
	EndGlobalSection
	GlobalSection(ProjectConfigurationPlatforms) = postSolution
		{62AD4916-F597-4136-A04A-E27AA4780160}.Debug|Any CPU.ActiveCfg = Debug|Any CPU
		{62AD4916-F597-4136-A04A-E27AA4780160}.Debug|Any CPU.Build.0 = Debug|Any CPU
		{62AD4916-F597-4136-A04A-E27AA4780160}.Debug|ARM.ActiveCfg = Debug|Any CPU
		{62AD4916-F597-4136-A04A-E27AA4780160}.Debug|ARM.Build.0 = Debug|Any CPU
		{62AD4916-F597-4136-A04A-E27AA4780160}.Debug|ARM64.ActiveCfg = Debug|Any CPU
		{62AD4916-F597-4136-A04A-E27AA4780160}.Debug|ARM64.Build.0 = Debug|Any CPU
		{62AD4916-F597-4136-A04A-E27AA4780160}.Debug|x64.ActiveCfg = Debug|Any CPU
		{62AD4916-F597-4136-A04A-E27AA4780160}.Debug|x64.Build.0 = Debug|Any CPU
		{62AD4916-F597-4136-A04A-E27AA4780160}.Debug|x86.ActiveCfg = Debug|Any CPU
		{62AD4916-F597-4136-A04A-E27AA4780160}.Debug|x86.Build.0 = Debug|Any CPU
		{62AD4916-F597-4136-A04A-E27AA4780160}.Release|Any CPU.ActiveCfg = Release|Any CPU
		{62AD4916-F597-4136-A04A-E27AA4780160}.Release|Any CPU.Build.0 = Release|Any CPU
		{62AD4916-F597-4136-A04A-E27AA4780160}.Release|ARM.ActiveCfg = Release|Any CPU
		{62AD4916-F597-4136-A04A-E27AA4780160}.Release|ARM.Build.0 = Release|Any CPU
		{62AD4916-F597-4136-A04A-E27AA4780160}.Release|ARM64.ActiveCfg = Release|Any CPU
		{62AD4916-F597-4136-A04A-E27AA4780160}.Release|ARM64.Build.0 = Release|Any CPU
		{62AD4916-F597-4136-A04A-E27AA4780160}.Release|x64.ActiveCfg = Release|Any CPU
		{62AD4916-F597-4136-A04A-E27AA4780160}.Release|x64.Build.0 = Release|Any CPU
		{62AD4916-F597-4136-A04A-E27AA4780160}.Release|x86.ActiveCfg = Release|Any CPU
		{62AD4916-F597-4136-A04A-E27AA4780160}.Release|x86.Build.0 = Release|Any CPU
		{8A925E0D-5E9F-4C7E-88B5-9F23C1C1BC52}.Debug|Any CPU.ActiveCfg = Debug|Any CPU
		{8A925E0D-5E9F-4C7E-88B5-9F23C1C1BC52}.Debug|Any CPU.Build.0 = Debug|Any CPU
		{8A925E0D-5E9F-4C7E-88B5-9F23C1C1BC52}.Debug|ARM.ActiveCfg = Debug|Any CPU
		{8A925E0D-5E9F-4C7E-88B5-9F23C1C1BC52}.Debug|ARM.Build.0 = Debug|Any CPU
		{8A925E0D-5E9F-4C7E-88B5-9F23C1C1BC52}.Debug|ARM64.ActiveCfg = Debug|Any CPU
		{8A925E0D-5E9F-4C7E-88B5-9F23C1C1BC52}.Debug|ARM64.Build.0 = Debug|Any CPU
		{8A925E0D-5E9F-4C7E-88B5-9F23C1C1BC52}.Debug|x64.ActiveCfg = Debug|Any CPU
		{8A925E0D-5E9F-4C7E-88B5-9F23C1C1BC52}.Debug|x64.Build.0 = Debug|Any CPU
		{8A925E0D-5E9F-4C7E-88B5-9F23C1C1BC52}.Debug|x86.ActiveCfg = Debug|Any CPU
		{8A925E0D-5E9F-4C7E-88B5-9F23C1C1BC52}.Debug|x86.Build.0 = Debug|Any CPU
		{8A925E0D-5E9F-4C7E-88B5-9F23C1C1BC52}.Release|Any CPU.ActiveCfg = Release|Any CPU
		{8A925E0D-5E9F-4C7E-88B5-9F23C1C1BC52}.Release|Any CPU.Build.0 = Release|Any CPU
		{8A925E0D-5E9F-4C7E-88B5-9F23C1C1BC52}.Release|ARM.ActiveCfg = Release|Any CPU
		{8A925E0D-5E9F-4C7E-88B5-9F23C1C1BC52}.Release|ARM.Build.0 = Release|Any CPU
		{8A925E0D-5E9F-4C7E-88B5-9F23C1C1BC52}.Release|ARM64.ActiveCfg = Release|Any CPU
		{8A925E0D-5E9F-4C7E-88B5-9F23C1C1BC52}.Release|ARM64.Build.0 = Release|Any CPU
		{8A925E0D-5E9F-4C7E-88B5-9F23C1C1BC52}.Release|x64.ActiveCfg = Release|Any CPU
		{8A925E0D-5E9F-4C7E-88B5-9F23C1C1BC52}.Release|x64.Build.0 = Release|Any CPU
		{8A925E0D-5E9F-4C7E-88B5-9F23C1C1BC52}.Release|x86.ActiveCfg = Release|Any CPU
		{8A925E0D-5E9F-4C7E-88B5-9F23C1C1BC52}.Release|x86.Build.0 = Release|Any CPU
		{A29DD413-23D8-45A8-BA0A-19E833276449}.Debug|Any CPU.ActiveCfg = Debug|Any CPU
		{A29DD413-23D8-45A8-BA0A-19E833276449}.Debug|Any CPU.Build.0 = Debug|Any CPU
		{A29DD413-23D8-45A8-BA0A-19E833276449}.Debug|ARM.ActiveCfg = Debug|Any CPU
		{A29DD413-23D8-45A8-BA0A-19E833276449}.Debug|ARM.Build.0 = Debug|Any CPU
		{A29DD413-23D8-45A8-BA0A-19E833276449}.Debug|ARM64.ActiveCfg = Debug|Any CPU
		{A29DD413-23D8-45A8-BA0A-19E833276449}.Debug|ARM64.Build.0 = Debug|Any CPU
		{A29DD413-23D8-45A8-BA0A-19E833276449}.Debug|x64.ActiveCfg = Debug|Any CPU
		{A29DD413-23D8-45A8-BA0A-19E833276449}.Debug|x64.Build.0 = Debug|Any CPU
		{A29DD413-23D8-45A8-BA0A-19E833276449}.Debug|x86.ActiveCfg = Debug|Any CPU
		{A29DD413-23D8-45A8-BA0A-19E833276449}.Debug|x86.Build.0 = Debug|Any CPU
		{A29DD413-23D8-45A8-BA0A-19E833276449}.Release|Any CPU.ActiveCfg = Release|Any CPU
		{A29DD413-23D8-45A8-BA0A-19E833276449}.Release|Any CPU.Build.0 = Release|Any CPU
		{A29DD413-23D8-45A8-BA0A-19E833276449}.Release|ARM.ActiveCfg = Release|Any CPU
		{A29DD413-23D8-45A8-BA0A-19E833276449}.Release|ARM.Build.0 = Release|Any CPU
		{A29DD413-23D8-45A8-BA0A-19E833276449}.Release|ARM64.ActiveCfg = Release|Any CPU
		{A29DD413-23D8-45A8-BA0A-19E833276449}.Release|ARM64.Build.0 = Release|Any CPU
		{A29DD413-23D8-45A8-BA0A-19E833276449}.Release|x64.ActiveCfg = Release|Any CPU
		{A29DD413-23D8-45A8-BA0A-19E833276449}.Release|x64.Build.0 = Release|Any CPU
		{A29DD413-23D8-45A8-BA0A-19E833276449}.Release|x86.ActiveCfg = Release|Any CPU
		{A29DD413-23D8-45A8-BA0A-19E833276449}.Release|x86.Build.0 = Release|Any CPU
		{D024E599-CB31-4635-9100-894F9663E570}.Debug|Any CPU.ActiveCfg = Debug|Any CPU
		{D024E599-CB31-4635-9100-894F9663E570}.Debug|Any CPU.Build.0 = Debug|Any CPU
		{D024E599-CB31-4635-9100-894F9663E570}.Debug|ARM.ActiveCfg = Debug|Any CPU
		{D024E599-CB31-4635-9100-894F9663E570}.Debug|ARM.Build.0 = Debug|Any CPU
		{D024E599-CB31-4635-9100-894F9663E570}.Debug|ARM64.ActiveCfg = Debug|Any CPU
		{D024E599-CB31-4635-9100-894F9663E570}.Debug|ARM64.Build.0 = Debug|Any CPU
		{D024E599-CB31-4635-9100-894F9663E570}.Debug|x64.ActiveCfg = Debug|Any CPU
		{D024E599-CB31-4635-9100-894F9663E570}.Debug|x64.Build.0 = Debug|Any CPU
		{D024E599-CB31-4635-9100-894F9663E570}.Debug|x86.ActiveCfg = Debug|Any CPU
		{D024E599-CB31-4635-9100-894F9663E570}.Debug|x86.Build.0 = Debug|Any CPU
		{D024E599-CB31-4635-9100-894F9663E570}.Release|Any CPU.ActiveCfg = Release|Any CPU
		{D024E599-CB31-4635-9100-894F9663E570}.Release|Any CPU.Build.0 = Release|Any CPU
		{D024E599-CB31-4635-9100-894F9663E570}.Release|ARM.ActiveCfg = Release|Any CPU
		{D024E599-CB31-4635-9100-894F9663E570}.Release|ARM.Build.0 = Release|Any CPU
		{D024E599-CB31-4635-9100-894F9663E570}.Release|ARM64.ActiveCfg = Release|Any CPU
		{D024E599-CB31-4635-9100-894F9663E570}.Release|ARM64.Build.0 = Release|Any CPU
		{D024E599-CB31-4635-9100-894F9663E570}.Release|x64.ActiveCfg = Release|Any CPU
		{D024E599-CB31-4635-9100-894F9663E570}.Release|x64.Build.0 = Release|Any CPU
		{D024E599-CB31-4635-9100-894F9663E570}.Release|x86.ActiveCfg = Release|Any CPU
		{D024E599-CB31-4635-9100-894F9663E570}.Release|x86.Build.0 = Release|Any CPU
	EndGlobalSection
	GlobalSection(SolutionProperties) = preSolution
		HideSolutionNode = FALSE
	EndGlobalSection
	GlobalSection(ExtensibilityGlobals) = postSolution
		SolutionGuid = {6E8D21FD-2D9A-41DB-8072-8801D2DDD01E}
	EndGlobalSection
EndGlobal
